dependencies:
- name: metrics-server
  repository: https://kubernetes-sigs.github.io/metrics-server/
  version: 3.12.1
- name: kompass-admission-controller
  repository: https://zesty-co.github.io/kompass-admission-controller
  version: 0.1.4
- name: victoria-metrics-single
  repository: https://victoriametrics.github.io/helm-charts
  version: 0.14.3
- name: victoria-metrics-agent
  repository: https://victoriametrics.github.io/helm-charts
  version: 0.16.2
digest: sha256:ecee0706f779649cf2f5c98806bd937ad813bbf697ed152105deadf90e2b7ac5
generated: "2025-04-20T16:17:23.36036+03:00"
